
Microsoft Visual Studio Solution File, Format Version 12.00
# Visual Studio 15
VisualStudioVersion = 15.0.28307.271
MinimumVisualStudioVersion = 10.0.40219.1
Project("{9A19103F-16F7-4668-BE54-9A1E7A4F7556}") = "AspNetCoreCodeStudy", "AspNetCoreCodeStudy\AspNetCoreCodeStudy.csproj", "{0A2F4F73-7312-4AB4-94A9-F32DF13D6495}"
EndProject
Project("{9A19103F-16F7-4668-BE54-9A1E7A4F7556}") = "HttpSpider", "HttpSpider\HttpSpider.csproj", "{FDEE6A4A-33C8-4162-9346-77592E27E862}"
EndProject
Project("{9A19103F-16F7-4668-BE54-9A1E7A4F7556}") = "BaseCode", "BaseCode\BaseCode.csproj", "{C75B3844-F43D-4CF2-8871-634A42CCFD45}"
EndProject
Project("{FAE04EC0-301F-11D3-BF4B-00C04F79EFBC}") = "AsyncCode", "AsyncCode\AsyncCode.csproj", "{3AE6B86D-75FA-4FBC-B0F2-FD7494BEE0E5}"
EndProject
Project("{2150E333-8FDC-42A3-9474-1A3956D46DE8}") = "IOC", "IOC", "{BEB86ED4-47DA-45BA-9443-717E44E95766}"
EndProject
Project("{FAE04EC0-301F-11D3-BF4B-00C04F79EFBC}") = "Ioc.Web", "Ioc\Ioc.Web\Ioc.Web.csproj", "{0E4D08A0-7A03-4EA3-828D-F39CA77582E8}"
EndProject
Project("{FAE04EC0-301F-11D3-BF4B-00C04F79EFBC}") = "Ioc.Test", "Ioc\Ioc.Test\Ioc.Test.csproj", "{ED5BEFED-0F65-42AD-882F-9499361E32EC}"
EndProject
Project("{FAE04EC0-301F-11D3-BF4B-00C04F79EFBC}") = "Ioc.IBll", "Ioc\Ioc.IBll\Ioc.IBll.csproj", "{8C198599-DBCB-41D8-8458-B296C41799F6}"
EndProject
Project("{FAE04EC0-301F-11D3-BF4B-00C04F79EFBC}") = "Ioc.Dal", "Ioc\Ioc.Dal\Ioc.Dal.csproj", "{917B94EF-9227-4066-A662-869BA0DB4B50}"
EndProject
Project("{FAE04EC0-301F-11D3-BF4B-00C04F79EFBC}") = "Ioc.Bll", "Ioc\Ioc.Bll\Ioc.Bll.csproj", "{43269E52-1354-427E-8763-7CF77E31B2CA}"
EndProject
Project("{FAE04EC0-301F-11D3-BF4B-00C04F79EFBC}") = "Ico.IDal", "Ioc\Ico.IDal\Ico.IDal.csproj", "{BDE15028-950C-4D27-8694-053C6649D17B}"
EndProject
Project("{2150E333-8FDC-42A3-9474-1A3956D46DE8}") = "Quartz", "Quartz", "{3FF1B158-20BA-4E1A-8969-A12E4772FF17}"
EndProject
Project("{FAE04EC0-301F-11D3-BF4B-00C04F79EFBC}") = "Quartz.Web", "Quartz\Quartz.Web\Quartz.Web.csproj", "{D35379DB-D0A3-442A-9DAC-6669637E2E57}"
EndProject
Project("{FAE04EC0-301F-11D3-BF4B-00C04F79EFBC}") = "WindowsServices", "Quartz\WindowsServices\WindowsServices.csproj", "{3AA20FAE-F2D5-4633-A6ED-358928E5268F}"
EndProject
Project("{2150E333-8FDC-42A3-9474-1A3956D46DE8}") = "WebApiSoft", "WebApiSoft", "{CC329E20-11FB-4E4E-8941-B5F8B1A9A3BD}"
EndProject
Project("{9A19103F-16F7-4668-BE54-9A1E7A4F7556}") = "IdentityServer", "WebApiSoft\IdentityServer\IdentityServer.csproj", "{9C3E59F6-CB1B-40F6-9CE4-9AA2033BBA33}"
EndProject
Project("{9A19103F-16F7-4668-BE54-9A1E7A4F7556}") = "WebApiSoft", "WebApiSoft\WebApiSoft\WebApiSoft.csproj", "{8BC59861-09EB-4AA4-B86B-57B8BB8B5E42}"
EndProject
Project("{2150E333-8FDC-42A3-9474-1A3956D46DE8}") = "WebSpider", "WebSpider", "{BCF14217-7199-4DD9-B30F-DB8D90D4212E}"
EndProject
Project("{9A19103F-16F7-4668-BE54-9A1E7A4F7556}") = "WebSpider", "WebSpider\WebSpider\WebSpider.csproj", "{0A9946F1-7014-4DAA-94B2-FE3FC8270259}"
EndProject
Project("{2150E333-8FDC-42A3-9474-1A3956D46DE8}") = "Autofac", "Autofac", "{D91257F5-E7EC-43CA-B81D-0AF07E6B593E}"
EndProject
Project("{FAE04EC0-301F-11D3-BF4B-00C04F79EFBC}") = "Autofac", "Autofac\Autofac\Autofac.csproj", "{5EE5AAE7-0CAE-4E8F-9476-CCC3F2EC90BF}"
EndProject
Project("{FAE04EC0-301F-11D3-BF4B-00C04F79EFBC}") = "Models", "Autofac\Models\Models.csproj", "{A9B0332D-3E11-4362-B518-3D572BF392CE}"
EndProject
Project("{FAE04EC0-301F-11D3-BF4B-00C04F79EFBC}") = "Services", "Autofac\Services\Services.csproj", "{50B97400-0925-4C79-9A0E-94E6519B466D}"
EndProject
Global
	GlobalSection(SolutionConfigurationPlatforms) = preSolution
		Debug|Any CPU = Debug|Any CPU
		Release|Any CPU = Release|Any CPU
	EndGlobalSection
	GlobalSection(ProjectConfigurationPlatforms) = postSolution
		{0A2F4F73-7312-4AB4-94A9-F32DF13D6495}.Debug|Any CPU.ActiveCfg = Debug|Any CPU
		{0A2F4F73-7312-4AB4-94A9-F32DF13D6495}.Debug|Any CPU.Build.0 = Debug|Any CPU
		{0A2F4F73-7312-4AB4-94A9-F32DF13D6495}.Release|Any CPU.ActiveCfg = Release|Any CPU
		{0A2F4F73-7312-4AB4-94A9-F32DF13D6495}.Release|Any CPU.Build.0 = Release|Any CPU
		{FDEE6A4A-33C8-4162-9346-77592E27E862}.Debug|Any CPU.ActiveCfg = Debug|Any CPU
		{FDEE6A4A-33C8-4162-9346-77592E27E862}.Debug|Any CPU.Build.0 = Debug|Any CPU
		{FDEE6A4A-33C8-4162-9346-77592E27E862}.Release|Any CPU.ActiveCfg = Release|Any CPU
		{FDEE6A4A-33C8-4162-9346-77592E27E862}.Release|Any CPU.Build.0 = Release|Any CPU
		{C75B3844-F43D-4CF2-8871-634A42CCFD45}.Debug|Any CPU.ActiveCfg = Debug|Any CPU
		{C75B3844-F43D-4CF2-8871-634A42CCFD45}.Debug|Any CPU.Build.0 = Debug|Any CPU
		{C75B3844-F43D-4CF2-8871-634A42CCFD45}.Release|Any CPU.ActiveCfg = Release|Any CPU
		{C75B3844-F43D-4CF2-8871-634A42CCFD45}.Release|Any CPU.Build.0 = Release|Any CPU
		{3AE6B86D-75FA-4FBC-B0F2-FD7494BEE0E5}.Debug|Any CPU.ActiveCfg = Debug|Any CPU
		{3AE6B86D-75FA-4FBC-B0F2-FD7494BEE0E5}.Debug|Any CPU.Build.0 = Debug|Any CPU
		{3AE6B86D-75FA-4FBC-B0F2-FD7494BEE0E5}.Release|Any CPU.ActiveCfg = Release|Any CPU
		{3AE6B86D-75FA-4FBC-B0F2-FD7494BEE0E5}.Release|Any CPU.Build.0 = Release|Any CPU
		{0E4D08A0-7A03-4EA3-828D-F39CA77582E8}.Debug|Any CPU.ActiveCfg = Debug|Any CPU
		{0E4D08A0-7A03-4EA3-828D-F39CA77582E8}.Debug|Any CPU.Build.0 = Debug|Any CPU
		{0E4D08A0-7A03-4EA3-828D-F39CA77582E8}.Release|Any CPU.ActiveCfg = Release|Any CPU
		{0E4D08A0-7A03-4EA3-828D-F39CA77582E8}.Release|Any CPU.Build.0 = Release|Any CPU
		{ED5BEFED-0F65-42AD-882F-9499361E32EC}.Debug|Any CPU.ActiveCfg = Debug|Any CPU
		{ED5BEFED-0F65-42AD-882F-9499361E32EC}.Debug|Any CPU.Build.0 = Debug|Any CPU
		{ED5BEFED-0F65-42AD-882F-9499361E32EC}.Release|Any CPU.ActiveCfg = Release|Any CPU
		{ED5BEFED-0F65-42AD-882F-9499361E32EC}.Release|Any CPU.Build.0 = Release|Any CPU
		{8C198599-DBCB-41D8-8458-B296C41799F6}.Debug|Any CPU.ActiveCfg = Debug|Any CPU
		{8C198599-DBCB-41D8-8458-B296C41799F6}.Debug|Any CPU.Build.0 = Debug|Any CPU
		{8C198599-DBCB-41D8-8458-B296C41799F6}.Release|Any CPU.ActiveCfg = Release|Any CPU
		{8C198599-DBCB-41D8-8458-B296C41799F6}.Release|Any CPU.Build.0 = Release|Any CPU
		{917B94EF-9227-4066-A662-869BA0DB4B50}.Debug|Any CPU.ActiveCfg = Debug|Any CPU
		{917B94EF-9227-4066-A662-869BA0DB4B50}.Debug|Any CPU.Build.0 = Debug|Any CPU
		{917B94EF-9227-4066-A662-869BA0DB4B50}.Release|Any CPU.ActiveCfg = Release|Any CPU
		{917B94EF-9227-4066-A662-869BA0DB4B50}.Release|Any CPU.Build.0 = Release|Any CPU
		{43269E52-1354-427E-8763-7CF77E31B2CA}.Debug|Any CPU.ActiveCfg = Debug|Any CPU
		{43269E52-1354-427E-8763-7CF77E31B2CA}.Debug|Any CPU.Build.0 = Debug|Any CPU
		{43269E52-1354-427E-8763-7CF77E31B2CA}.Release|Any CPU.ActiveCfg = Release|Any CPU
		{43269E52-1354-427E-8763-7CF77E31B2CA}.Release|Any CPU.Build.0 = Release|Any CPU
		{BDE15028-950C-4D27-8694-053C6649D17B}.Debug|Any CPU.ActiveCfg = Debug|Any CPU
		{BDE15028-950C-4D27-8694-053C6649D17B}.Debug|Any CPU.Build.0 = Debug|Any CPU
		{BDE15028-950C-4D27-8694-053C6649D17B}.Release|Any CPU.ActiveCfg = Release|Any CPU
		{BDE15028-950C-4D27-8694-053C6649D17B}.Release|Any CPU.Build.0 = Release|Any CPU
		{D35379DB-D0A3-442A-9DAC-6669637E2E57}.Debug|Any CPU.ActiveCfg = Debug|Any CPU
		{D35379DB-D0A3-442A-9DAC-6669637E2E57}.Debug|Any CPU.Build.0 = Debug|Any CPU
		{D35379DB-D0A3-442A-9DAC-6669637E2E57}.Release|Any CPU.ActiveCfg = Release|Any CPU
		{D35379DB-D0A3-442A-9DAC-6669637E2E57}.Release|Any CPU.Build.0 = Release|Any CPU
		{3AA20FAE-F2D5-4633-A6ED-358928E5268F}.Debug|Any CPU.ActiveCfg = Debug|Any CPU
		{3AA20FAE-F2D5-4633-A6ED-358928E5268F}.Debug|Any CPU.Build.0 = Debug|Any CPU
		{3AA20FAE-F2D5-4633-A6ED-358928E5268F}.Release|Any CPU.ActiveCfg = Release|Any CPU
		{3AA20FAE-F2D5-4633-A6ED-358928E5268F}.Release|Any CPU.Build.0 = Release|Any CPU
		{9C3E59F6-CB1B-40F6-9CE4-9AA2033BBA33}.Debug|Any CPU.ActiveCfg = Debug|Any CPU
		{9C3E59F6-CB1B-40F6-9CE4-9AA2033BBA33}.Debug|Any CPU.Build.0 = Debug|Any CPU
		{9C3E59F6-CB1B-40F6-9CE4-9AA2033BBA33}.Release|Any CPU.ActiveCfg = Release|Any CPU
		{9C3E59F6-CB1B-40F6-9CE4-9AA2033BBA33}.Release|Any CPU.Build.0 = Release|Any CPU
		{8BC59861-09EB-4AA4-B86B-57B8BB8B5E42}.Debug|Any CPU.ActiveCfg = Debug|Any CPU
		{8BC59861-09EB-4AA4-B86B-57B8BB8B5E42}.Debug|Any CPU.Build.0 = Debug|Any CPU
		{8BC59861-09EB-4AA4-B86B-57B8BB8B5E42}.Release|Any CPU.ActiveCfg = Release|Any CPU
		{8BC59861-09EB-4AA4-B86B-57B8BB8B5E42}.Release|Any CPU.Build.0 = Release|Any CPU
		{0A9946F1-7014-4DAA-94B2-FE3FC8270259}.Debug|Any CPU.ActiveCfg = Debug|Any CPU
		{0A9946F1-7014-4DAA-94B2-FE3FC8270259}.Debug|Any CPU.Build.0 = Debug|Any CPU
		{0A9946F1-7014-4DAA-94B2-FE3FC8270259}.Release|Any CPU.ActiveCfg = Release|Any CPU
		{0A9946F1-7014-4DAA-94B2-FE3FC8270259}.Release|Any CPU.Build.0 = Release|Any CPU
		{5EE5AAE7-0CAE-4E8F-9476-CCC3F2EC90BF}.Debug|Any CPU.ActiveCfg = Debug|Any CPU
		{5EE5AAE7-0CAE-4E8F-9476-CCC3F2EC90BF}.Debug|Any CPU.Build.0 = Debug|Any CPU
		{5EE5AAE7-0CAE-4E8F-9476-CCC3F2EC90BF}.Release|Any CPU.ActiveCfg = Release|Any CPU
		{5EE5AAE7-0CAE-4E8F-9476-CCC3F2EC90BF}.Release|Any CPU.Build.0 = Release|Any CPU
		{A9B0332D-3E11-4362-B518-3D572BF392CE}.Debug|Any CPU.ActiveCfg = Debug|Any CPU
		{A9B0332D-3E11-4362-B518-3D572BF392CE}.Debug|Any CPU.Build.0 = Debug|Any CPU
		{A9B0332D-3E11-4362-B518-3D572BF392CE}.Release|Any CPU.ActiveCfg = Release|Any CPU
		{A9B0332D-3E11-4362-B518-3D572BF392CE}.Release|Any CPU.Build.0 = Release|Any CPU
		{50B97400-0925-4C79-9A0E-94E6519B466D}.Debug|Any CPU.ActiveCfg = Debug|Any CPU
		{50B97400-0925-4C79-9A0E-94E6519B466D}.Debug|Any CPU.Build.0 = Debug|Any CPU
		{50B97400-0925-4C79-9A0E-94E6519B466D}.Release|Any CPU.ActiveCfg = Release|Any CPU
		{50B97400-0925-4C79-9A0E-94E6519B466D}.Release|Any CPU.Build.0 = Release|Any CPU
	EndGlobalSection
	GlobalSection(SolutionProperties) = preSolution
		HideSolutionNode = FALSE
	EndGlobalSection
	GlobalSection(NestedProjects) = preSolution
		{0E4D08A0-7A03-4EA3-828D-F39CA77582E8} = {BEB86ED4-47DA-45BA-9443-717E44E95766}
		{ED5BEFED-0F65-42AD-882F-9499361E32EC} = {BEB86ED4-47DA-45BA-9443-717E44E95766}
		{8C198599-DBCB-41D8-8458-B296C41799F6} = {BEB86ED4-47DA-45BA-9443-717E44E95766}
		{917B94EF-9227-4066-A662-869BA0DB4B50} = {BEB86ED4-47DA-45BA-9443-717E44E95766}
		{43269E52-1354-427E-8763-7CF77E31B2CA} = {BEB86ED4-47DA-45BA-9443-717E44E95766}
		{BDE15028-950C-4D27-8694-053C6649D17B} = {BEB86ED4-47DA-45BA-9443-717E44E95766}
		{D35379DB-D0A3-442A-9DAC-6669637E2E57} = {3FF1B158-20BA-4E1A-8969-A12E4772FF17}
		{3AA20FAE-F2D5-4633-A6ED-358928E5268F} = {3FF1B158-20BA-4E1A-8969-A12E4772FF17}
		{9C3E59F6-CB1B-40F6-9CE4-9AA2033BBA33} = {CC329E20-11FB-4E4E-8941-B5F8B1A9A3BD}
		{8BC59861-09EB-4AA4-B86B-57B8BB8B5E42} = {CC329E20-11FB-4E4E-8941-B5F8B1A9A3BD}
		{0A9946F1-7014-4DAA-94B2-FE3FC8270259} = {BCF14217-7199-4DD9-B30F-DB8D90D4212E}
		{5EE5AAE7-0CAE-4E8F-9476-CCC3F2EC90BF} = {D91257F5-E7EC-43CA-B81D-0AF07E6B593E}
		{A9B0332D-3E11-4362-B518-3D572BF392CE} = {D91257F5-E7EC-43CA-B81D-0AF07E6B593E}
		{50B97400-0925-4C79-9A0E-94E6519B466D} = {D91257F5-E7EC-43CA-B81D-0AF07E6B593E}
	EndGlobalSection
	GlobalSection(ExtensibilityGlobals) = postSolution
		SolutionGuid = {9980D47B-798D-4D76-B0B8-C78CC46BD8B1}
	EndGlobalSection
EndGlobal
