
Microsoft Visual Studio Solution File, Format Version 12.00
# Visual Studio 15
VisualStudioVersion = 15.0.28307.168
MinimumVisualStudioVersion = 10.0.40219.1
Project("{FAE04EC0-301F-11D3-BF4B-00C04F79EFBC}") = "Quartz.Web", "Quartz.Web\Quartz.Web.csproj", "{D35379DB-D0A3-442A-9DAC-6669637E2E57}"
EndProject
Project("{FAE04EC0-301F-11D3-BF4B-00C04F79EFBC}") = "WindowsServices", "WindowsServices\WindowsServices.csproj", "{3AA20FAE-F2D5-4633-A6ED-358928E5268F}"
EndProject
Global
	GlobalSection(SolutionConfigurationPlatforms) = preSolution
		Debug|Any CPU = Debug|Any CPU
		Release|Any CPU = Release|Any CPU
	EndGlobalSection
	GlobalSection(ProjectConfigurationPlatforms) = postSolution
		{D35379DB-D0A3-442A-9DAC-6669637E2E57}.Debug|Any CPU.ActiveCfg = Debug|Any CPU
		{D35379DB-D0A3-442A-9DAC-6669637E2E57}.Debug|Any CPU.Build.0 = Debug|Any CPU
		{D35379DB-D0A3-442A-9DAC-6669637E2E57}.Release|Any CPU.ActiveCfg = Release|Any CPU
		{D35379DB-D0A3-442A-9DAC-6669637E2E57}.Release|Any CPU.Build.0 = Release|Any CPU
		{3AA20FAE-F2D5-4633-A6ED-358928E5268F}.Debug|Any CPU.ActiveCfg = Debug|Any CPU
		{3AA20FAE-F2D5-4633-A6ED-358928E5268F}.Debug|Any CPU.Build.0 = Debug|Any CPU
		{3AA20FAE-F2D5-4633-A6ED-358928E5268F}.Release|Any CPU.ActiveCfg = Release|Any CPU
		{3AA20FAE-F2D5-4633-A6ED-358928E5268F}.Release|Any CPU.Build.0 = Release|Any CPU
	EndGlobalSection
	GlobalSection(SolutionProperties) = preSolution
		HideSolutionNode = FALSE
	EndGlobalSection
	GlobalSection(ExtensibilityGlobals) = postSolution
		SolutionGuid = {4847E5E6-D14E-46DD-8F42-4BB350BB48CC}
	EndGlobalSection
EndGlobal
